{
    "_readme": [
        "This file locks the dependencies of your project to a known state",
        "Read more about it at https://getcomposer.org/doc/01-basic-usage.md#composer-lock-the-lock-file",
        "This file is @generated automatically"
    ],
    "content-hash": "6b57e985dc13caa74563fafa48bfd60b",
    "packages": [
        {
            "name": "concrete5/incremental-filter-branch",
            "version": "1.0.2",
            "source": {
                "type": "git",
                "url": "https://github.com/concrete5/incremental-filter-branch.git",
                "reference": "987ed0c003ba53a475a240ff5168c4298c09fea0"
            },
            "dist": {
                "type": "zip",
                "url": "https://api.github.com/repos/concrete5/incremental-filter-branch/zipball/987ed0c003ba53a475a240ff5168c4298c09fea0",
                "reference": "987ed0c003ba53a475a240ff5168c4298c09fea0",
                "shasum": ""
            },
            "bin": [
                "bin/incremental-git-filterbranch"
            ],
            "type": "library",
            "notification-url": "https://packagist.org/downloads/",
            "license": [
                "MIT"
            ],
            "authors": [
                {
                    "name": "Michele Locati",
                    "email": "michele@locati.it",
                    "homepage": "https://mlocati.github.io",
                    "role": "author"
                }
            ],
            "description": "Shell script to call git filter-branch in an incremental way",
            "homepage": "https://github.com/concrete5/incremental-filter-branch",
            "keywords": [
                "bash",
                "filter-branch",
                "git",
                "incremental",
                "posix",
                "progressive",
                "shell"
            ],
            "time": "2018-03-21T11:27:19+00:00"
        }
    ],
    "packages-dev": [],
    "aliases": [],
    "minimum-stability": "stable",
    "stability-flags": [],
    "prefer-stable": false,
    "prefer-lowest": false,
    "platform": [],
    "platform-dev": []
}
